
Microsoft Visual Studio Solution File, Format Version 12.00
# Visual Studio Version 16
VisualStudioVersion = 16.0.31105.61
MinimumVisualStudioVersion = 10.0.40219.1
Project("{9A19103F-16F7-4668-BE54-9A1E7A4F7556}") = "QuietRssNuget", "QuietRssNuget.csproj", "{653ED547-D420-4586-B72F-56338FEBE9FB}"
EndProject
Project("{FAE04EC0-301F-11D3-BF4B-00C04F79EFBC}") = "QuietRssNugetTests", "QuietRssNugetTests\QuietRssNugetTests\QuietRssNugetTests.csproj", "{61E12E81-E2B5-440C-8223-EAC69ACAAD98}"
EndProject
Global
	GlobalSection(SolutionConfigurationPlatforms) = preSolution
		Debug|Any CPU = Debug|Any CPU
		Release|Any CPU = Release|Any CPU
	EndGlobalSection
	GlobalSection(ProjectConfigurationPlatforms) = postSolution
		{653ED547-D420-4586-B72F-56338FEBE9FB}.Debug|Any CPU.ActiveCfg = Debug|Any CPU
		{653ED547-D420-4586-B72F-56338FEBE9FB}.Debug|Any CPU.Build.0 = Debug|Any CPU
		{653ED547-D420-4586-B72F-56338FEBE9FB}.Release|Any CPU.ActiveCfg = Release|Any CPU
		{653ED547-D420-4586-B72F-56338FEBE9FB}.Release|Any CPU.Build.0 = Release|Any CPU
		{61E12E81-E2B5-440C-8223-EAC69ACAAD98}.Debug|Any CPU.ActiveCfg = Debug|Any CPU
		{61E12E81-E2B5-440C-8223-EAC69ACAAD98}.Debug|Any CPU.Build.0 = Debug|Any CPU
		{61E12E81-E2B5-440C-8223-EAC69ACAAD98}.Release|Any CPU.ActiveCfg = Release|Any CPU
		{61E12E81-E2B5-440C-8223-EAC69ACAAD98}.Release|Any CPU.Build.0 = Release|Any CPU
	EndGlobalSection
	GlobalSection(SolutionProperties) = preSolution
		HideSolutionNode = FALSE
	EndGlobalSection
	GlobalSection(ExtensibilityGlobals) = postSolution
		SolutionGuid = {946CF477-3DA8-4847-8DA8-2BCF5F82EC9B}
	EndGlobalSection
EndGlobal
